// !$*UTF8*$!
{
	archiveVersion = 1;
	classes = {
	};
	objectVersion = 55;
	objects = {

/* Begin PBXBuildFile section */
		381E5ED427D33652006E916C /* AppDelegate.swift in Sources */ = {isa = PBXBuildFile; fileRef = 381E5ED327D33652006E916C /* AppDelegate.swift */; };
		381E5ED627D33652006E916C /* SceneDelegate.swift in Sources */ = {isa = PBXBuildFile; fileRef = 381E5ED527D33652006E916C /* SceneDelegate.swift */; };
		381E5EDD27D33653006E916C /* Assets.xcassets in Resources */ = {isa = PBXBuildFile; fileRef = 381E5EDC27D33653006E916C /* Assets.xcassets */; };
		381E5EE927D339A7006E916C /* AppFeature in Frameworks */ = {isa = PBXBuildFile; productRef = 381E5EE827D339A7006E916C /* AppFeature */; };
		381E5F1F27D3A896006E916C /* WidgetKit.framework in Frameworks */ = {isa = PBXBuildFile; fileRef = 381E5F1E27D3A896006E916C /* WidgetKit.framework */; };
		381E5F2127D3A896006E916C /* SwiftUI.framework in Frameworks */ = {isa = PBXBuildFile; fileRef = 381E5F2027D3A896006E916C /* SwiftUI.framework */; };
		381E5F2427D3A896006E916C /* IssueGazerWidget.swift in Sources */ = {isa = PBXBuildFile; fileRef = 381E5F2327D3A896006E916C /* IssueGazerWidget.swift */; };
		381E5F2727D3A896006E916C /* Assets.xcassets in Resources */ = {isa = PBXBuildFile; fileRef = 381E5F2627D3A896006E916C /* Assets.xcassets */; };
		381E5F2D27D3A896006E916C /* IssueGazerWidgetExtension.appex in Embed App Extensions */ = {isa = PBXBuildFile; fileRef = 381E5F1D27D3A896006E916C /* IssueGazerWidgetExtension.appex */; settings = {ATTRIBUTES = (RemoveHeadersOnCopy, ); }; };
		381E5F3827D3AED9006E916C /* Intents.framework in Frameworks */ = {isa = PBXBuildFile; fileRef = 381E5F3727D3AED9006E916C /* Intents.framework */; };
		381E5F3B27D3AED9006E916C /* IntentHandler.swift in Sources */ = {isa = PBXBuildFile; fileRef = 381E5F3A27D3AED9006E916C /* IntentHandler.swift */; };
		381E5F3F27D3AED9006E916C /* IssueGazerIntent.appex in Embed App Extensions */ = {isa = PBXBuildFile; fileRef = 381E5F3627D3AED9006E916C /* IssueGazerIntent.appex */; settings = {ATTRIBUTES = (RemoveHeadersOnCopy, ); }; };
		381E5F5527D4396C006E916C /* IssueGazerWidget.intentdefinition in Sources */ = {isa = PBXBuildFile; fileRef = 381E5F5427D4396C006E916C /* IssueGazerWidget.intentdefinition */; };
		381E5F5627D4397B006E916C /* IssueGazerWidget.intentdefinition in Sources */ = {isa = PBXBuildFile; fileRef = 381E5F5427D4396C006E916C /* IssueGazerWidget.intentdefinition */; };
		381E5F5727D43982006E916C /* IssueGazerWidget.intentdefinition in Sources */ = {isa = PBXBuildFile; fileRef = 381E5F5427D4396C006E916C /* IssueGazerWidget.intentdefinition */; };
/* End PBXBuildFile section */

/* Begin PBXContainerItemProxy section */
		381E5F2B27D3A896006E916C /* PBXContainerItemProxy */ = {
			isa = PBXContainerItemProxy;
			containerPortal = 381E5EC827D33652006E916C /* Project object */;
			proxyType = 1;
			remoteGlobalIDString = 381E5F1C27D3A896006E916C;
			remoteInfo = IssueGazerWidgetExtension;
		};
		381E5F3D27D3AED9006E916C /* PBXContainerItemProxy */ = {
			isa = PBXContainerItemProxy;
			containerPortal = 381E5EC827D33652006E916C /* Project object */;
			proxyType = 1;
			remoteGlobalIDString = 381E5F3527D3AED9006E916C;
			remoteInfo = IssueGazerIntent;
		};
/* End PBXContainerItemProxy section */

/* Begin PBXCopyFilesBuildPhase section */
		381E5F2E27D3A896006E916C /* Embed App Extensions */ = {
			isa = PBXCopyFilesBuildPhase;
			buildActionMask = 2147483647;
			dstPath = "";
			dstSubfolderSpec = 13;
			files = (
				381E5F3F27D3AED9006E916C /* IssueGazerIntent.appex in Embed App Extensions */,
				381E5F2D27D3A896006E916C /* IssueGazerWidgetExtension.appex in Embed App Extensions */,
			);
			name = "Embed App Extensions";
			runOnlyForDeploymentPostprocessing = 0;
		};
/* End PBXCopyFilesBuildPhase section */

/* Begin PBXFileReference section */
		381E5ED027D33652006E916C /* IssueGazer.app */ = {isa = PBXFileReference; explicitFileType = wrapper.application; includeInIndex = 0; path = IssueGazer.app; sourceTree = BUILT_PRODUCTS_DIR; };
		381E5ED327D33652006E916C /* AppDelegate.swift */ = {isa = PBXFileReference; lastKnownFileType = sourcecode.swift; path = AppDelegate.swift; sourceTree = "<group>"; };
		381E5ED527D33652006E916C /* SceneDelegate.swift */ = {isa = PBXFileReference; lastKnownFileType = sourcecode.swift; path = SceneDelegate.swift; sourceTree = "<group>"; };
		381E5EDC27D33653006E916C /* Assets.xcassets */ = {isa = PBXFileReference; lastKnownFileType = folder.assetcatalog; path = Assets.xcassets; sourceTree = "<group>"; };
		381E5EE127D33653006E916C /* Info.plist */ = {isa = PBXFileReference; lastKnownFileType = text.plist.xml; path = Info.plist; sourceTree = "<group>"; };
		381E5F1D27D3A896006E916C /* IssueGazerWidgetExtension.appex */ = {isa = PBXFileReference; explicitFileType = "wrapper.app-extension"; includeInIndex = 0; path = IssueGazerWidgetExtension.appex; sourceTree = BUILT_PRODUCTS_DIR; };
		381E5F1E27D3A896006E916C /* WidgetKit.framework */ = {isa = PBXFileReference; lastKnownFileType = wrapper.framework; name = WidgetKit.framework; path = System/Library/Frameworks/WidgetKit.framework; sourceTree = SDKROOT; };
		381E5F2027D3A896006E916C /* SwiftUI.framework */ = {isa = PBXFileReference; lastKnownFileType = wrapper.framework; name = SwiftUI.framework; path = System/Library/Frameworks/SwiftUI.framework; sourceTree = SDKROOT; };
		381E5F2327D3A896006E916C /* IssueGazerWidget.swift */ = {isa = PBXFileReference; lastKnownFileType = sourcecode.swift; path = IssueGazerWidget.swift; sourceTree = "<group>"; };
		381E5F2627D3A896006E916C /* Assets.xcassets */ = {isa = PBXFileReference; lastKnownFileType = folder.assetcatalog; path = Assets.xcassets; sourceTree = "<group>"; };
		381E5F2827D3A896006E916C /* Info.plist */ = {isa = PBXFileReference; lastKnownFileType = text.plist.xml; path = Info.plist; sourceTree = "<group>"; };
		381E5F3627D3AED9006E916C /* IssueGazerIntent.appex */ = {isa = PBXFileReference; explicitFileType = "wrapper.app-extension"; includeInIndex = 0; path = IssueGazerIntent.appex; sourceTree = BUILT_PRODUCTS_DIR; };
		381E5F3727D3AED9006E916C /* Intents.framework */ = {isa = PBXFileReference; lastKnownFileType = wrapper.framework; name = Intents.framework; path = System/Library/Frameworks/Intents.framework; sourceTree = SDKROOT; };
		381E5F3A27D3AED9006E916C /* IntentHandler.swift */ = {isa = PBXFileReference; lastKnownFileType = sourcecode.swift; path = IntentHandler.swift; sourceTree = "<group>"; };
		381E5F3C27D3AED9006E916C /* Info.plist */ = {isa = PBXFileReference; lastKnownFileType = text.plist.xml; path = Info.plist; sourceTree = "<group>"; };
		381E5F5427D4396C006E916C /* IssueGazerWidget.intentdefinition */ = {isa = PBXFileReference; fileEncoding = 4; lastKnownFileType = file.intentdefinition; path = IssueGazerWidget.intentdefinition; sourceTree = "<group>"; };
/* End PBXFileReference section */

/* Begin PBXFrameworksBuildPhase section */
		381E5ECD27D33652006E916C /* Frameworks */ = {
			isa = PBXFrameworksBuildPhase;
			buildActionMask = 2147483647;
			files = (
				381E5EE927D339A7006E916C /* AppFeature in Frameworks */,
			);
			runOnlyForDeploymentPostprocessing = 0;
		};
		381E5F1A27D3A896006E916C /* Frameworks */ = {
			isa = PBXFrameworksBuildPhase;
			buildActionMask = 2147483647;
			files = (
				381E5F2127D3A896006E916C /* SwiftUI.framework in Frameworks */,
				381E5F1F27D3A896006E916C /* WidgetKit.framework in Frameworks */,
			);
			runOnlyForDeploymentPostprocessing = 0;
		};
		381E5F3327D3AED9006E916C /* Frameworks */ = {
			isa = PBXFrameworksBuildPhase;
			buildActionMask = 2147483647;
			files = (
				381E5F3827D3AED9006E916C /* Intents.framework in Frameworks */,
			);
			runOnlyForDeploymentPostprocessing = 0;
		};
/* End PBXFrameworksBuildPhase section */

/* Begin PBXGroup section */
		381E5EC727D33652006E916C = {
			isa = PBXGroup;
			children = (
				381E5ED227D33652006E916C /* IssueGazer */,
				381E5F2227D3A896006E916C /* IssueGazerWidget */,
				381E5F3927D3AED9006E916C /* IssueGazerIntent */,
				381E5ED127D33652006E916C /* Products */,
				381E5EE727D339A7006E916C /* Frameworks */,
			);
			sourceTree = "<group>";
		};
		381E5ED127D33652006E916C /* Products */ = {
			isa = PBXGroup;
			children = (
				381E5ED027D33652006E916C /* IssueGazer.app */,
				381E5F1D27D3A896006E916C /* IssueGazerWidgetExtension.appex */,
				381E5F3627D3AED9006E916C /* IssueGazerIntent.appex */,
			);
			name = Products;
			sourceTree = "<group>";
		};
		381E5ED227D33652006E916C /* IssueGazer */ = {
			isa = PBXGroup;
			children = (
				381E5ED327D33652006E916C /* AppDelegate.swift */,
				381E5ED527D33652006E916C /* SceneDelegate.swift */,
				381E5EDC27D33653006E916C /* Assets.xcassets */,
				381E5EE127D33653006E916C /* Info.plist */,
			);
			path = IssueGazer;
			sourceTree = "<group>";
		};
		381E5EE727D339A7006E916C /* Frameworks */ = {
			isa = PBXGroup;
			children = (
				381E5F1E27D3A896006E916C /* WidgetKit.framework */,
				381E5F2027D3A896006E916C /* SwiftUI.framework */,
				381E5F3727D3AED9006E916C /* Intents.framework */,
			);
			name = Frameworks;
			sourceTree = "<group>";
		};
		381E5F2227D3A896006E916C /* IssueGazerWidget */ = {
			isa = PBXGroup;
			children = (
				381E5F5427D4396C006E916C /* IssueGazerWidget.intentdefinition */,
				381E5F2327D3A896006E916C /* IssueGazerWidget.swift */,
				381E5F2627D3A896006E916C /* Assets.xcassets */,
				381E5F2827D3A896006E916C /* Info.plist */,
			);
			path = IssueGazerWidget;
			sourceTree = "<group>";
		};
		381E5F3927D3AED9006E916C /* IssueGazerIntent */ = {
			isa = PBXGroup;
			children = (
				381E5F3A27D3AED9006E916C /* IntentHandler.swift */,
				381E5F3C27D3AED9006E916C /* Info.plist */,
			);
			path = IssueGazerIntent;
			sourceTree = "<group>";
		};
/* End PBXGroup section */

/* Begin PBXNativeTarget section */
		381E5ECF27D33652006E916C /* IssueGazer */ = {
			isa = PBXNativeTarget;
			buildConfigurationList = 381E5EE427D33653006E916C /* Build configuration list for PBXNativeTarget "IssueGazer" */;
			buildPhases = (
				381E5ECC27D33652006E916C /* Sources */,
				381E5ECD27D33652006E916C /* Frameworks */,
				381E5ECE27D33652006E916C /* Resources */,
				381E5F2E27D3A896006E916C /* Embed App Extensions */,
			);
			buildRules = (
			);
			dependencies = (
				381E5F2C27D3A896006E916C /* PBXTargetDependency */,
				381E5F3E27D3AED9006E916C /* PBXTargetDependency */,
			);
			name = IssueGazer;
			packageProductDependencies = (
				381E5EE827D339A7006E916C /* AppFeature */,
			);
			productName = IssueGazer;
			productReference = 381E5ED027D33652006E916C /* IssueGazer.app */;
			productType = "com.apple.product-type.application";
		};
		381E5F1C27D3A896006E916C /* IssueGazerWidgetExtension */ = {
			isa = PBXNativeTarget;
			buildConfigurationList = 381E5F3127D3A896006E916C /* Build configuration list for PBXNativeTarget "IssueGazerWidgetExtension" */;
			buildPhases = (
				381E5F1927D3A896006E916C /* Sources */,
				381E5F1A27D3A896006E916C /* Frameworks */,
				381E5F1B27D3A896006E916C /* Resources */,
			);
			buildRules = (
			);
			dependencies = (
			);
			name = IssueGazerWidgetExtension;
			productName = IssueGazerWidgetExtension;
			productReference = 381E5F1D27D3A896006E916C /* IssueGazerWidgetExtension.appex */;
			productType = "com.apple.product-type.app-extension";
		};
		381E5F3527D3AED9006E916C /* IssueGazerIntent */ = {
			isa = PBXNativeTarget;
			buildConfigurationList = 381E5F4027D3AED9006E916C /* Build configuration list for PBXNativeTarget "IssueGazerIntent" */;
			buildPhases = (
				381E5F3227D3AED9006E916C /* Sources */,
				381E5F3327D3AED9006E916C /* Frameworks */,
				381E5F3427D3AED9006E916C /* Resources */,
			);
			buildRules = (
			);
			dependencies = (
			);
			name = IssueGazerIntent;
			productName = IssueGazerIntent;
			productReference = 381E5F3627D3AED9006E916C /* IssueGazerIntent.appex */;
			productType = "com.apple.product-type.app-extension";
		};
/* End PBXNativeTarget section */

/* Begin PBXProject section */
		381E5EC827D33652006E916C /* Project object */ = {
			isa = PBXProject;
			attributes = {
				BuildIndependentTargetsInParallel = 1;
				LastSwiftUpdateCheck = 1320;
				LastUpgradeCheck = 1320;
				TargetAttributes = {
					381E5ECF27D33652006E916C = {
						CreatedOnToolsVersion = 13.2.1;
					};
					381E5F1C27D3A896006E916C = {
						CreatedOnToolsVersion = 13.2.1;
					};
					381E5F3527D3AED9006E916C = {
						CreatedOnToolsVersion = 13.2.1;
					};
				};
			};
			buildConfigurationList = 381E5ECB27D33652006E916C /* Build configuration list for PBXProject "IssueGazer" */;
			compatibilityVersion = "Xcode 13.0";
			developmentRegion = en;
			hasScannedForEncodings = 0;
			knownRegions = (
				en,
				ja,
			);
			mainGroup = 381E5EC727D33652006E916C;
			productRefGroup = 381E5ED127D33652006E916C /* Products */;
			projectDirPath = "";
			projectRoot = "";
			targets = (
				381E5ECF27D33652006E916C /* IssueGazer */,
				381E5F1C27D3A896006E916C /* IssueGazerWidgetExtension */,
				381E5F3527D3AED9006E916C /* IssueGazerIntent */,
			);
		};
/* End PBXProject section */

/* Begin PBXResourcesBuildPhase section */
		381E5ECE27D33652006E916C /* Resources */ = {
			isa = PBXResourcesBuildPhase;
			buildActionMask = 2147483647;
			files = (
				381E5EDD27D33653006E916C /* Assets.xcassets in Resources */,
			);
			runOnlyForDeploymentPostprocessing = 0;
		};
		381E5F1B27D3A896006E916C /* Resources */ = {
			isa = PBXResourcesBuildPhase;
			buildActionMask = 2147483647;
			files = (
				381E5F2727D3A896006E916C /* Assets.xcassets in Resources */,
			);
			runOnlyForDeploymentPostprocessing = 0;
		};
		381E5F3427D3AED9006E916C /* Resources */ = {
			isa = PBXResourcesBuildPhase;
			buildActionMask = 2147483647;
			files = (
			);
			runOnlyForDeploymentPostprocessing = 0;
		};
/* End PBXResourcesBuildPhase section */

/* Begin PBXSourcesBuildPhase section */
		381E5ECC27D33652006E916C /* Sources */ = {
			isa = PBXSourcesBuildPhase;
			buildActionMask = 2147483647;
			files = (
				381E5ED427D33652006E916C /* AppDelegate.swift in Sources */,
				381E5F5527D4396C006E916C /* IssueGazerWidget.intentdefinition in Sources */,
				381E5ED627D33652006E916C /* SceneDelegate.swift in Sources */,
			);
			runOnlyForDeploymentPostprocessing = 0;
		};
		381E5F1927D3A896006E916C /* Sources */ = {
			isa = PBXSourcesBuildPhase;
			buildActionMask = 2147483647;
			files = (
				381E5F5627D4397B006E916C /* IssueGazerWidget.intentdefinition in Sources */,
				381E5F2427D3A896006E916C /* IssueGazerWidget.swift in Sources */,
			);
			runOnlyForDeploymentPostprocessing = 0;
		};
		381E5F3227D3AED9006E916C /* Sources */ = {
			isa = PBXSourcesBuildPhase;
			buildActionMask = 2147483647;
			files = (
				381E5F5727D43982006E916C /* IssueGazerWidget.intentdefinition in Sources */,
				381E5F3B27D3AED9006E916C /* IntentHandler.swift in Sources */,
			);
			runOnlyForDeploymentPostprocessing = 0;
		};
/* End PBXSourcesBuildPhase section */

/* Begin PBXTargetDependency section */
		381E5F2C27D3A896006E916C /* PBXTargetDependency */ = {
			isa = PBXTargetDependency;
			target = 381E5F1C27D3A896006E916C /* IssueGazerWidgetExtension */;
			targetProxy = 381E5F2B27D3A896006E916C /* PBXContainerItemProxy */;
		};
		381E5F3E27D3AED9006E916C /* PBXTargetDependency */ = {
			isa = PBXTargetDependency;
			target = 381E5F3527D3AED9006E916C /* IssueGazerIntent */;
			targetProxy = 381E5F3D27D3AED9006E916C /* PBXContainerItemProxy */;
		};
/* End PBXTargetDependency section */

/* Begin XCBuildConfiguration section */
		381E5EE227D33653006E916C /* Debug */ = {
			isa = XCBuildConfiguration;
			buildSettings = {
				ALWAYS_SEARCH_USER_PATHS = NO;
				CLANG_ANALYZER_NONNULL = YES;
				CLANG_ANALYZER_NUMBER_OBJECT_CONVERSION = YES_AGGRESSIVE;
				CLANG_CXX_LANGUAGE_STANDARD = "gnu++17";
				CLANG_CXX_LIBRARY = "libc++";
				CLANG_ENABLE_MODULES = YES;
				CLANG_ENABLE_OBJC_ARC = YES;
				CLANG_ENABLE_OBJC_WEAK = YES;
				CLANG_WARN_BLOCK_CAPTURE_AUTORELEASING = YES;
				CLANG_WARN_BOOL_CONVERSION = YES;
				CLANG_WARN_COMMA = YES;
				CLANG_WARN_CONSTANT_CONVERSION = YES;
				CLANG_WARN_DEPRECATED_OBJC_IMPLEMENTATIONS = YES;
				CLANG_WARN_DIRECT_OBJC_ISA_USAGE = YES_ERROR;
				CLANG_WARN_DOCUMENTATION_COMMENTS = YES;
				CLANG_WARN_EMPTY_BODY = YES;
				CLANG_WARN_ENUM_CONVERSION = YES;
				CLANG_WARN_INFINITE_RECURSION = YES;
				CLANG_WARN_INT_CONVERSION = YES;
				CLANG_WARN_NON_LITERAL_NULL_CONVERSION = YES;
				CLANG_WARN_OBJC_IMPLICIT_RETAIN_SELF = YES;
				CLANG_WARN_OBJC_LITERAL_CONVERSION = YES;
				CLANG_WARN_OBJC_ROOT_CLASS = YES_ERROR;
				CLANG_WARN_QUOTED_INCLUDE_IN_FRAMEWORK_HEADER = YES;
				CLANG_WARN_RANGE_LOOP_ANALYSIS = YES;
				CLANG_WARN_STRICT_PROTOTYPES = YES;
				CLANG_WARN_SUSPICIOUS_MOVE = YES;
				CLANG_WARN_UNGUARDED_AVAILABILITY = YES_AGGRESSIVE;
				CLANG_WARN_UNREACHABLE_CODE = YES;
				CLANG_WARN__DUPLICATE_METHOD_MATCH = YES;
				COPY_PHASE_STRIP = NO;
				DEBUG_INFORMATION_FORMAT = dwarf;
				ENABLE_STRICT_OBJC_MSGSEND = YES;
				ENABLE_TESTABILITY = YES;
				GCC_C_LANGUAGE_STANDARD = gnu11;
				GCC_DYNAMIC_NO_PIC = NO;
				GCC_NO_COMMON_BLOCKS = YES;
				GCC_OPTIMIZATION_LEVEL = 0;
				GCC_PREPROCESSOR_DEFINITIONS = (
					"DEBUG=1",
					"$(inherited)",
				);
				GCC_WARN_64_TO_32_BIT_CONVERSION = YES;
				GCC_WARN_ABOUT_RETURN_TYPE = YES_ERROR;
				GCC_WARN_UNDECLARED_SELECTOR = YES;
				GCC_WARN_UNINITIALIZED_AUTOS = YES_AGGRESSIVE;
				GCC_WARN_UNUSED_FUNCTION = YES;
				GCC_WARN_UNUSED_VARIABLE = YES;
				IPHONEOS_DEPLOYMENT_TARGET = 15.0;
				MTL_ENABLE_DEBUG_INFO = INCLUDE_SOURCE;
				MTL_FAST_MATH = YES;
				ONLY_ACTIVE_ARCH = YES;
				SDKROOT = iphoneos;
				SWIFT_ACTIVE_COMPILATION_CONDITIONS = DEBUG;
				SWIFT_OPTIMIZATION_LEVEL = "-Onone";
			};
			name = Debug;
		};
		381E5EE327D33653006E916C /* Release */ = {
			isa = XCBuildConfiguration;
			buildSettings = {
				ALWAYS_SEARCH_USER_PATHS = NO;
				CLANG_ANALYZER_NONNULL = YES;
				CLANG_ANALYZER_NUMBER_OBJECT_CONVERSION = YES_AGGRESSIVE;
				CLANG_CXX_LANGUAGE_STANDARD = "gnu++17";
				CLANG_CXX_LIBRARY = "libc++";
				CLANG_ENABLE_MODULES = YES;
				CLANG_ENABLE_OBJC_ARC = YES;
				CLANG_ENABLE_OBJC_WEAK = YES;
				CLANG_WARN_BLOCK_CAPTURE_AUTORELEASING = YES;
				CLANG_WARN_BOOL_CONVERSION = YES;
				CLANG_WARN_COMMA = YES;
				CLANG_WARN_CONSTANT_CONVERSION = YES;
				CLANG_WARN_DEPRECATED_OBJC_IMPLEMENTATIONS = YES;
				CLANG_WARN_DIRECT_OBJC_ISA_USAGE = YES_ERROR;
				CLANG_WARN_DOCUMENTATION_COMMENTS = YES;
				CLANG_WARN_EMPTY_BODY = YES;
				CLANG_WARN_ENUM_CONVERSION = YES;
				CLANG_WARN_INFINITE_RECURSION = YES;
				CLANG_WARN_INT_CONVERSION = YES;
				CLANG_WARN_NON_LITERAL_NULL_CONVERSION = YES;
				CLANG_WARN_OBJC_IMPLICIT_RETAIN_SELF = YES;
				CLANG_WARN_OBJC_LITERAL_CONVERSION = YES;
				CLANG_WARN_OBJC_ROOT_CLASS = YES_ERROR;
				CLANG_WARN_QUOTED_INCLUDE_IN_FRAMEWORK_HEADER = YES;
				CLANG_WARN_RANGE_LOOP_ANALYSIS = YES;
				CLANG_WARN_STRICT_PROTOTYPES = YES;
				CLANG_WARN_SUSPICIOUS_MOVE = YES;
				CLANG_WARN_UNGUARDED_AVAILABILITY = YES_AGGRESSIVE;
				CLANG_WARN_UNREACHABLE_CODE = YES;
				CLANG_WARN__DUPLICATE_METHOD_MATCH = YES;
				COPY_PHASE_STRIP = NO;
				DEBUG_INFORMATION_FORMAT = "dwarf-with-dsym";
				ENABLE_NS_ASSERTIONS = NO;
				ENABLE_STRICT_OBJC_MSGSEND = YES;
				GCC_C_LANGUAGE_STANDARD = gnu11;
				GCC_NO_COMMON_BLOCKS = YES;
				GCC_WARN_64_TO_32_BIT_CONVERSION = YES;
				GCC_WARN_ABOUT_RETURN_TYPE = YES_ERROR;
				GCC_WARN_UNDECLARED_SELECTOR = YES;
				GCC_WARN_UNINITIALIZED_AUTOS = YES_AGGRESSIVE;
				GCC_WARN_UNUSED_FUNCTION = YES;
				GCC_WARN_UNUSED_VARIABLE = YES;
				IPHONEOS_DEPLOYMENT_TARGET = 15.0;
				MTL_ENABLE_DEBUG_INFO = NO;
				MTL_FAST_MATH = YES;
				SDKROOT = iphoneos;
				SWIFT_COMPILATION_MODE = wholemodule;
				SWIFT_OPTIMIZATION_LEVEL = "-O";
				VALIDATE_PRODUCT = YES;
			};
			name = Release;
		};
		381E5EE527D33653006E916C /* Debug */ = {
			isa = XCBuildConfiguration;
			buildSettings = {
				ALWAYS_EMBED_SWIFT_STANDARD_LIBRARIES = YES;
				ASSETCATALOG_COMPILER_APPICON_NAME = AppIcon;
				ASSETCATALOG_COMPILER_GLOBAL_ACCENT_COLOR_NAME = AccentColor;
				CODE_SIGN_STYLE = Automatic;
				CURRENT_PROJECT_VERSION = 1;
				DEVELOPMENT_TEAM = 56T4RFDKJR;
				GENERATE_INFOPLIST_FILE = YES;
				INFOPLIST_FILE = IssueGazer/Info.plist;
				INFOPLIST_KEY_UIApplicationSupportsIndirectInputEvents = YES;
				INFOPLIST_KEY_UILaunchStoryboardName = LaunchScreen;
				INFOPLIST_KEY_UISupportedInterfaceOrientations = UIInterfaceOrientationPortrait;
				INFOPLIST_KEY_UISupportedInterfaceOrientations_iPad = "UIInterfaceOrientationPortrait UIInterfaceOrientationPortraitUpsideDown UIInterfaceOrientationLandscapeLeft UIInterfaceOrientationLandscapeRight";
				INFOPLIST_KEY_UISupportedInterfaceOrientations_iPhone = "UIInterfaceOrientationPortrait UIInterfaceOrientationLandscapeLeft UIInterfaceOrientationLandscapeRight";
				IPHONEOS_DEPLOYMENT_TARGET = 15.0;
				LD_RUNPATH_SEARCH_PATHS = (
					"$(inherited)",
					"@executable_path/Frameworks",
				);
				MARKETING_VERSION = 1.0.0;
				PRODUCT_BUNDLE_IDENTIFIER = com.muijp.IssueGazer;
				PRODUCT_NAME = "$(TARGET_NAME)";
				SWIFT_EMIT_LOC_STRINGS = YES;
				SWIFT_VERSION = 5.0;
				TARGETED_DEVICE_FAMILY = 1;
			};
			name = Debug;
		};
		381E5EE627D33653006E916C /* Release */ = {
			isa = XCBuildConfiguration;
			buildSettings = {
				ALWAYS_EMBED_SWIFT_STANDARD_LIBRARIES = YES;
				ASSETCATALOG_COMPILER_APPICON_NAME = AppIcon;
				ASSETCATALOG_COMPILER_GLOBAL_ACCENT_COLOR_NAME = AccentColor;
				CODE_SIGN_STYLE = Automatic;
				CURRENT_PROJECT_VERSION = 1;
				DEVELOPMENT_TEAM = 56T4RFDKJR;
				GENERATE_INFOPLIST_FILE = YES;
				INFOPLIST_FILE = IssueGazer/Info.plist;
				INFOPLIST_KEY_UIApplicationSupportsIndirectInputEvents = YES;
				INFOPLIST_KEY_UILaunchStoryboardName = LaunchScreen;
				INFOPLIST_KEY_UISupportedInterfaceOrientations = UIInterfaceOrientationPortrait;
				INFOPLIST_KEY_UISupportedInterfaceOrientations_iPad = "UIInterfaceOrientationPortrait UIInterfaceOrientationPortraitUpsideDown UIInterfaceOrientationLandscapeLeft UIInterfaceOrientationLandscapeRight";
				INFOPLIST_KEY_UISupportedInterfaceOrientations_iPhone = "UIInterfaceOrientationPortrait UIInterfaceOrientationLandscapeLeft UIInterfaceOrientationLandscapeRight";
				IPHONEOS_DEPLOYMENT_TARGET = 15.0;
				LD_RUNPATH_SEARCH_PATHS = (
					"$(inherited)",
					"@executable_path/Frameworks",
				);
				MARKETING_VERSION = 1.0.0;
				PRODUCT_BUNDLE_IDENTIFIER = com.muijp.IssueGazer;
				PRODUCT_NAME = "$(TARGET_NAME)";
				SWIFT_EMIT_LOC_STRINGS = YES;
				SWIFT_VERSION = 5.0;
				TARGETED_DEVICE_FAMILY = 1;
			};
			name = Release;
		};
		381E5F2F27D3A896006E916C /* Debug */ = {
			isa = XCBuildConfiguration;
			buildSettings = {
				ASSETCATALOG_COMPILER_GLOBAL_ACCENT_COLOR_NAME = AccentColor;
				ASSETCATALOG_COMPILER_WIDGET_BACKGROUND_COLOR_NAME = WidgetBackground;
				CODE_SIGN_STYLE = Automatic;
				CURRENT_PROJECT_VERSION = 1;
				DEVELOPMENT_TEAM = 56T4RFDKJR;
				GENERATE_INFOPLIST_FILE = YES;
				INFOPLIST_FILE = IssueGazerWidget/Info.plist;
				INFOPLIST_KEY_CFBundleDisplayName = IssueGazerWidget;
				INFOPLIST_KEY_NSHumanReadableCopyright = "";
				IPHONEOS_DEPLOYMENT_TARGET = 15.0;
				LD_RUNPATH_SEARCH_PATHS = (
					"$(inherited)",
					"@executable_path/Frameworks",
					"@executable_path/../../Frameworks",
				);
				MARKETING_VERSION = 1.0.0;
				PRODUCT_BUNDLE_IDENTIFIER = com.muijp.IssueGazer.IssueGazerWidget;
				PRODUCT_NAME = "$(TARGET_NAME)";
				SKIP_INSTALL = YES;
				SWIFT_EMIT_LOC_STRINGS = YES;
				SWIFT_VERSION = 5.0;
				TARGETED_DEVICE_FAMILY = 1;
			};
			name = Debug;
		};
		381E5F3027D3A896006E916C /* Release */ = {
			isa = XCBuildConfiguration;
			buildSettings = {
				ASSETCATALOG_COMPILER_GLOBAL_ACCENT_COLOR_NAME = AccentColor;
				ASSETCATALOG_COMPILER_WIDGET_BACKGROUND_COLOR_NAME = WidgetBackground;
				CODE_SIGN_STYLE = Automatic;
				CURRENT_PROJECT_VERSION = 1;
				DEVELOPMENT_TEAM = 56T4RFDKJR;
				GENERATE_INFOPLIST_FILE = YES;
				INFOPLIST_FILE = IssueGazerWidget/Info.plist;
				INFOPLIST_KEY_CFBundleDisplayName = IssueGazerWidget;
				INFOPLIST_KEY_NSHumanReadableCopyright = "";
				IPHONEOS_DEPLOYMENT_TARGET = 15.0;
				LD_RUNPATH_SEARCH_PATHS = (
					"$(inherited)",
					"@executable_path/Frameworks",
					"@executable_path/../../Frameworks",
				);
				MARKETING_VERSION = 1.0.0;
				PRODUCT_BUNDLE_IDENTIFIER = com.muijp.IssueGazer.IssueGazerWidget;
				PRODUCT_NAME = "$(TARGET_NAME)";
				SKIP_INSTALL = YES;
				SWIFT_EMIT_LOC_STRINGS = YES;
				SWIFT_VERSION = 5.0;
				TARGETED_DEVICE_FAMILY = 1;
			};
			name = Release;
		};
		381E5F4127D3AED9006E916C /* Debug */ = {
			isa = XCBuildConfiguration;
			buildSettings = {
				CODE_SIGN_STYLE = Automatic;
				CURRENT_PROJECT_VERSION = 1;
				DEVELOPMENT_TEAM = 56T4RFDKJR;
				GENERATE_INFOPLIST_FILE = YES;
				INFOPLIST_FILE = IssueGazerIntent/Info.plist;
				INFOPLIST_KEY_CFBundleDisplayName = IssueGazerIntent;
				INFOPLIST_KEY_NSHumanReadableCopyright = "";
				IPHONEOS_DEPLOYMENT_TARGET = 15.0;
				LD_RUNPATH_SEARCH_PATHS = (
					"$(inherited)",
					"@executable_path/Frameworks",
					"@executable_path/../../Frameworks",
				);
				MARKETING_VERSION = 1.0.0;
				PRODUCT_BUNDLE_IDENTIFIER = com.muijp.IssueGazer.IssueGazerIntent;
				PRODUCT_NAME = "$(TARGET_NAME)";
				SKIP_INSTALL = YES;
				SWIFT_EMIT_LOC_STRINGS = YES;
				SWIFT_VERSION = 5.0;
				TARGETED_DEVICE_FAMILY = 1;
			};
			name = Debug;
		};
		381E5F4227D3AED9006E916C /* Release */ = {
			isa = XCBuildConfiguration;
			buildSettings = {
				CODE_SIGN_STYLE = Automatic;
				CURRENT_PROJECT_VERSION = 1;
				DEVELOPMENT_TEAM = 56T4RFDKJR;
				GENERATE_INFOPLIST_FILE = YES;
				INFOPLIST_FILE = IssueGazerIntent/Info.plist;
				INFOPLIST_KEY_CFBundleDisplayName = IssueGazerIntent;
				INFOPLIST_KEY_NSHumanReadableCopyright = "";
				IPHONEOS_DEPLOYMENT_TARGET = 15.0;
				LD_RUNPATH_SEARCH_PATHS = (
					"$(inherited)",
					"@executable_path/Frameworks",
					"@executable_path/../../Frameworks",
				);
				MARKETING_VERSION = 1.0.0;
				PRODUCT_BUNDLE_IDENTIFIER = com.muijp.IssueGazer.IssueGazerIntent;
				PRODUCT_NAME = "$(TARGET_NAME)";
				SKIP_INSTALL = YES;
				SWIFT_EMIT_LOC_STRINGS = YES;
				SWIFT_VERSION = 5.0;
				TARGETED_DEVICE_FAMILY = 1;
			};
			name = Release;
		};
/* End XCBuildConfiguration section */

/* Begin XCConfigurationList section */
		381E5ECB27D33652006E916C /* Build configuration list for PBXProject "IssueGazer" */ = {
			isa = XCConfigurationList;
			buildConfigurations = (
				381E5EE227D33653006E916C /* Debug */,
				381E5EE327D33653006E916C /* Release */,
			);
			defaultConfigurationIsVisible = 0;
			defaultConfigurationName = Release;
		};
		381E5EE427D33653006E916C /* Build configuration list for PBXNativeTarget "IssueGazer" */ = {
			isa = XCConfigurationList;
			buildConfigurations = (
				381E5EE527D33653006E916C /* Debug */,
				381E5EE627D33653006E916C /* Release */,
			);
			defaultConfigurationIsVisible = 0;
			defaultConfigurationName = Release;
		};
		381E5F3127D3A896006E916C /* Build configuration list for PBXNativeTarget "IssueGazerWidgetExtension" */ = {
			isa = XCConfigurationList;
			buildConfigurations = (
				381E5F2F27D3A896006E916C /* Debug */,
				381E5F3027D3A896006E916C /* Release */,
			);
			defaultConfigurationIsVisible = 0;
			defaultConfigurationName = Release;
		};
		381E5F4027D3AED9006E916C /* Build configuration list for PBXNativeTarget "IssueGazerIntent" */ = {
			isa = XCConfigurationList;
			buildConfigurations = (
				381E5F4127D3AED9006E916C /* Debug */,
				381E5F4227D3AED9006E916C /* Release */,
			);
			defaultConfigurationIsVisible = 0;
			defaultConfigurationName = Release;
		};
/* End XCConfigurationList section */

/* Begin XCSwiftPackageProductDependency section */
		381E5EE827D339A7006E916C /* AppFeature */ = {
			isa = XCSwiftPackageProductDependency;
			productName = AppFeature;
		};
/* End XCSwiftPackageProductDependency section */
	};
	rootObject = 381E5EC827D33652006E916C /* Project object */;
}
